
Microsoft Visual Studio Solution File, Format Version 12.00
# Visual Studio Version 17
VisualStudioVersion = 17.6.33829.357
MinimumVisualStudioVersion = 10.0.40219.1
Project("{FAE04EC0-301F-11D3-BF4B-00C04F79EFBC}") = "HangCayNhaAnhBac", "HangCayNhaAnhBac\HangCayNhaAnhBac.csproj", "{B147C4D3-6006-4B3A-95DD-A2183D932B0A}"
EndProject
Project("{FAE04EC0-301F-11D3-BF4B-00C04F79EFBC}") = "HangCayNhaAnhBac_v2", "HangCayNhaAnhBac_v2\HangCayNhaAnhBac_v2.csproj", "{1308CCD8-E9B8-4DEF-9E26-154F32B554A0}"
EndProject
Global
	GlobalSection(SolutionConfigurationPlatforms) = preSolution
		Debug|Any CPU = Debug|Any CPU
		Release|Any CPU = Release|Any CPU
	EndGlobalSection
	GlobalSection(ProjectConfigurationPlatforms) = postSolution
		{B147C4D3-6006-4B3A-95DD-A2183D932B0A}.Debug|Any CPU.ActiveCfg = Debug|Any CPU
		{B147C4D3-6006-4B3A-95DD-A2183D932B0A}.Debug|Any CPU.Build.0 = Debug|Any CPU
		{B147C4D3-6006-4B3A-95DD-A2183D932B0A}.Release|Any CPU.ActiveCfg = Release|Any CPU
		{B147C4D3-6006-4B3A-95DD-A2183D932B0A}.Release|Any CPU.Build.0 = Release|Any CPU
		{1308CCD8-E9B8-4DEF-9E26-154F32B554A0}.Debug|Any CPU.ActiveCfg = Debug|Any CPU
		{1308CCD8-E9B8-4DEF-9E26-154F32B554A0}.Debug|Any CPU.Build.0 = Debug|Any CPU
		{1308CCD8-E9B8-4DEF-9E26-154F32B554A0}.Release|Any CPU.ActiveCfg = Release|Any CPU
		{1308CCD8-E9B8-4DEF-9E26-154F32B554A0}.Release|Any CPU.Build.0 = Release|Any CPU
	EndGlobalSection
	GlobalSection(SolutionProperties) = preSolution
		HideSolutionNode = FALSE
	EndGlobalSection
	GlobalSection(ExtensibilityGlobals) = postSolution
		SolutionGuid = {520491B0-BA4D-46D1-8987-430465AEB7FB}
	EndGlobalSection
EndGlobal
